package com.googlecode.lanterna.vim;

import com.googlecode.lanterna.gui2.*;
import com.googlecode.lanterna.input.KeyStroke;
import com.googlecode.lanterna.input.KeyType;
import java.util.ArrayList;
import java.util.List;

public abstract class Window extends BasicWindow {

    public VimModes(String title) {
        super(title);
        Themes.applyTheme(this); // Aplica o tema automaticamente
    }

}
